
Microsoft Visual Studio Solution File, Format Version 12.00
# Visual Studio Version 16
VisualStudioVersion = 16.0.31424.327
MinimumVisualStudioVersion = 10.0.40219.1
Project("{FAE04EC0-301F-11D3-BF4B-00C04F79EFBC}") = "ConsoleCalculator", "ConsoleCalculator\ConsoleCalculator.csproj", "{CDD1CDDF-17A9-4BAE-B3A4-A57AFCEBA06D}"
EndProject
Project("{FAE04EC0-301F-11D3-BF4B-00C04F79EFBC}") = "TestCalculator", "TestCalculator\TestCalculator.csproj", "{3A273840-9EB2-4028-A7B3-C598CB569050}"
EndProject
Global
	GlobalSection(SolutionConfigurationPlatforms) = preSolution
		Debug|Any CPU = Debug|Any CPU
		Release|Any CPU = Release|Any CPU
	EndGlobalSection
	GlobalSection(ProjectConfigurationPlatforms) = postSolution
		{CDD1CDDF-17A9-4BAE-B3A4-A57AFCEBA06D}.Debug|Any CPU.ActiveCfg = Debug|Any CPU
		{CDD1CDDF-17A9-4BAE-B3A4-A57AFCEBA06D}.Debug|Any CPU.Build.0 = Debug|Any CPU
		{CDD1CDDF-17A9-4BAE-B3A4-A57AFCEBA06D}.Release|Any CPU.ActiveCfg = Release|Any CPU
		{CDD1CDDF-17A9-4BAE-B3A4-A57AFCEBA06D}.Release|Any CPU.Build.0 = Release|Any CPU
		{3A273840-9EB2-4028-A7B3-C598CB569050}.Debug|Any CPU.ActiveCfg = Debug|Any CPU
		{3A273840-9EB2-4028-A7B3-C598CB569050}.Debug|Any CPU.Build.0 = Debug|Any CPU
		{3A273840-9EB2-4028-A7B3-C598CB569050}.Release|Any CPU.ActiveCfg = Release|Any CPU
		{3A273840-9EB2-4028-A7B3-C598CB569050}.Release|Any CPU.Build.0 = Release|Any CPU
	EndGlobalSection
	GlobalSection(SolutionProperties) = preSolution
		HideSolutionNode = FALSE
	EndGlobalSection
	GlobalSection(ExtensibilityGlobals) = postSolution
		SolutionGuid = {C4A03A80-2930-41CF-AB22-F8858069BD93}
	EndGlobalSection
EndGlobal
